// !$*UTF8*$!
{
	archiveVersion = 1;
	classes = {
	};
	objectVersion = 46;
	objects = {

/* Begin PBXBuildFile section */
		7A259F611CAFFFC700A4BE5D /* AppDelegate.swift in Sources */ = {isa = PBXBuildFile; fileRef = 7A259F601CAFFFC700A4BE5D /* AppDelegate.swift */; };
		7A259F631CAFFFC700A4BE5D /* ViewController.swift in Sources */ = {isa = PBXBuildFile; fileRef = 7A259F621CAFFFC700A4BE5D /* ViewController.swift */; };
		7A259F661CAFFFC700A4BE5D /* Main.storyboard in Resources */ = {isa = PBXBuildFile; fileRef = 7A259F641CAFFFC700A4BE5D /* Main.storyboard */; };
		7A259F691CAFFFC700A4BE5D /* yofavmovies.xcdatamodeld in Sources */ = {isa = PBXBuildFile; fileRef = 7A259F671CAFFFC700A4BE5D /* yofavmovies.xcdatamodeld */; };
		7A259F6B1CAFFFC700A4BE5D /* Assets.xcassets in Resources */ = {isa = PBXBuildFile; fileRef = 7A259F6A1CAFFFC700A4BE5D /* Assets.xcassets */; };
		7A259F6E1CAFFFC700A4BE5D /* LaunchScreen.storyboard in Resources */ = {isa = PBXBuildFile; fileRef = 7A259F6C1CAFFFC700A4BE5D /* LaunchScreen.storyboard */; };
		7A259F7A1CB006D300A4BE5D /* Movie+CoreDataProperties.swift in Sources */ = {isa = PBXBuildFile; fileRef = 7A259F781CB006D300A4BE5D /* Movie+CoreDataProperties.swift */; };
		7A259F7B1CB006D300A4BE5D /* Movie.swift in Sources */ = {isa = PBXBuildFile; fileRef = 7A259F791CB006D300A4BE5D /* Movie.swift */; };
		7A259F7D1CB006FF00A4BE5D /* MovieCell.swift in Sources */ = {isa = PBXBuildFile; fileRef = 7A259F7C1CB006FF00A4BE5D /* MovieCell.swift */; };
		7A259F7F1CB0072B00A4BE5D /* AddVC.swift in Sources */ = {isa = PBXBuildFile; fileRef = 7A259F7E1CB0072B00A4BE5D /* AddVC.swift */; };
		7A259F811CB0073C00A4BE5D /* DetailVC.swift in Sources */ = {isa = PBXBuildFile; fileRef = 7A259F801CB0073C00A4BE5D /* DetailVC.swift */; };
		7A259F831CB014E100A4BE5D /* Button.swift in Sources */ = {isa = PBXBuildFile; fileRef = 7A259F821CB014E100A4BE5D /* Button.swift */; };
		7A259F851CB01AE000A4BE5D /* MovieImageView.swift in Sources */ = {isa = PBXBuildFile; fileRef = 7A259F841CB01AE000A4BE5D /* MovieImageView.swift */; };
/* End PBXBuildFile section */

/* Begin PBXFileReference section */
		7A259F5D1CAFFFC700A4BE5D /* yofavmovies.app */ = {isa = PBXFileReference; explicitFileType = wrapper.application; includeInIndex = 0; path = yofavmovies.app; sourceTree = BUILT_PRODUCTS_DIR; };
		7A259F601CAFFFC700A4BE5D /* AppDelegate.swift */ = {isa = PBXFileReference; lastKnownFileType = sourcecode.swift; path = AppDelegate.swift; sourceTree = "<group>"; };
		7A259F621CAFFFC700A4BE5D /* ViewController.swift */ = {isa = PBXFileReference; lastKnownFileType = sourcecode.swift; path = ViewController.swift; sourceTree = "<group>"; };
		7A259F651CAFFFC700A4BE5D /* Base */ = {isa = PBXFileReference; lastKnownFileType = file.storyboard; name = Base; path = Base.lproj/Main.storyboard; sourceTree = "<group>"; };
		7A259F681CAFFFC700A4BE5D /* yofavmovies.xcdatamodel */ = {isa = PBXFileReference; lastKnownFileType = wrapper.xcdatamodel; path = yofavmovies.xcdatamodel; sourceTree = "<group>"; };
		7A259F6A1CAFFFC700A4BE5D /* Assets.xcassets */ = {isa = PBXFileReference; lastKnownFileType = folder.assetcatalog; path = Assets.xcassets; sourceTree = "<group>"; };
		7A259F6D1CAFFFC700A4BE5D /* Base */ = {isa = PBXFileReference; lastKnownFileType = file.storyboard; name = Base; path = Base.lproj/LaunchScreen.storyboard; sourceTree = "<group>"; };
		7A259F6F1CAFFFC700A4BE5D /* Info.plist */ = {isa = PBXFileReference; lastKnownFileType = text.plist.xml; path = Info.plist; sourceTree = "<group>"; };
		7A259F781CB006D300A4BE5D /* Movie+CoreDataProperties.swift */ = {isa = PBXFileReference; fileEncoding = 4; lastKnownFileType = sourcecode.swift; name = "Movie+CoreDataProperties.swift"; path = "../Movie+CoreDataProperties.swift"; sourceTree = "<group>"; };
		7A259F791CB006D300A4BE5D /* Movie.swift */ = {isa = PBXFileReference; fileEncoding = 4; lastKnownFileType = sourcecode.swift; name = Movie.swift; path = ../Movie.swift; sourceTree = "<group>"; };
		7A259F7C1CB006FF00A4BE5D /* MovieCell.swift */ = {isa = PBXFileReference; fileEncoding = 4; lastKnownFileType = sourcecode.swift; path = MovieCell.swift; sourceTree = "<group>"; };
		7A259F7E1CB0072B00A4BE5D /* AddVC.swift */ = {isa = PBXFileReference; fileEncoding = 4; lastKnownFileType = sourcecode.swift; path = AddVC.swift; sourceTree = "<group>"; };
		7A259F801CB0073C00A4BE5D /* DetailVC.swift */ = {isa = PBXFileReference; fileEncoding = 4; lastKnownFileType = sourcecode.swift; path = DetailVC.swift; sourceTree = "<group>"; };
		7A259F821CB014E100A4BE5D /* Button.swift */ = {isa = PBXFileReference; fileEncoding = 4; lastKnownFileType = sourcecode.swift; path = Button.swift; sourceTree = "<group>"; };
		7A259F841CB01AE000A4BE5D /* MovieImageView.swift */ = {isa = PBXFileReference; fileEncoding = 4; lastKnownFileType = sourcecode.swift; path = MovieImageView.swift; sourceTree = "<group>"; };
/* End PBXFileReference section */

/* Begin PBXFrameworksBuildPhase section */
		7A259F5A1CAFFFC700A4BE5D /* Frameworks */ = {
			isa = PBXFrameworksBuildPhase;
			buildActionMask = 2147483647;
			files = (
			);
			runOnlyForDeploymentPostprocessing = 0;
		};
/* End PBXFrameworksBuildPhase section */

/* Begin PBXGroup section */
		7A259F541CAFFFC700A4BE5D = {
			isa = PBXGroup;
			children = (
				7A259F5F1CAFFFC700A4BE5D /* yofavmovies */,
				7A259F5E1CAFFFC700A4BE5D /* Products */,
			);
			sourceTree = "<group>";
		};
		7A259F5E1CAFFFC700A4BE5D /* Products */ = {
			isa = PBXGroup;
			children = (
				7A259F5D1CAFFFC700A4BE5D /* yofavmovies.app */,
			);
			name = Products;
			sourceTree = "<group>";
		};
		7A259F5F1CAFFFC700A4BE5D /* yofavmovies */ = {
			isa = PBXGroup;
			children = (
				7A259F771CB0061900A4BE5D /* Model */,
				7A259F761CB0061300A4BE5D /* View */,
				7A259F751CB0060B00A4BE5D /* Controller */,
				7A259F601CAFFFC700A4BE5D /* AppDelegate.swift */,
				7A259F641CAFFFC700A4BE5D /* Main.storyboard */,
				7A259F6A1CAFFFC700A4BE5D /* Assets.xcassets */,
				7A259F6C1CAFFFC700A4BE5D /* LaunchScreen.storyboard */,
				7A259F6F1CAFFFC700A4BE5D /* Info.plist */,
				7A259F671CAFFFC700A4BE5D /* yofavmovies.xcdatamodeld */,
			);
			path = yofavmovies;
			sourceTree = "<group>";
		};
		7A259F751CB0060B00A4BE5D /* Controller */ = {
			isa = PBXGroup;
			children = (
				7A259F621CAFFFC700A4BE5D /* ViewController.swift */,
				7A259F7E1CB0072B00A4BE5D /* AddVC.swift */,
				7A259F801CB0073C00A4BE5D /* DetailVC.swift */,
			);
			name = Controller;
			sourceTree = "<group>";
		};
		7A259F761CB0061300A4BE5D /* View */ = {
			isa = PBXGroup;
			children = (
				7A259F7C1CB006FF00A4BE5D /* MovieCell.swift */,
				7A259F821CB014E100A4BE5D /* Button.swift */,
				7A259F841CB01AE000A4BE5D /* MovieImageView.swift */,
			);
			name = View;
			sourceTree = "<group>";
		};
		7A259F771CB0061900A4BE5D /* Model */ = {
			isa = PBXGroup;
			children = (
				7A259F781CB006D300A4BE5D /* Movie+CoreDataProperties.swift */,
				7A259F791CB006D300A4BE5D /* Movie.swift */,
			);
			name = Model;
			sourceTree = "<group>";
		};
/* End PBXGroup section */

/* Begin PBXNativeTarget section */
		7A259F5C1CAFFFC700A4BE5D /* yofavmovies */ = {
			isa = PBXNativeTarget;
			buildConfigurationList = 7A259F721CAFFFC700A4BE5D /* Build configuration list for PBXNativeTarget "yofavmovies" */;
			buildPhases = (
				7A259F591CAFFFC700A4BE5D /* Sources */,
				7A259F5A1CAFFFC700A4BE5D /* Frameworks */,
				7A259F5B1CAFFFC700A4BE5D /* Resources */,
			);
			buildRules = (
			);
			dependencies = (
			);
			name = yofavmovies;
			productName = yofavmovies;
			productReference = 7A259F5D1CAFFFC700A4BE5D /* yofavmovies.app */;
			productType = "com.apple.product-type.application";
		};
/* End PBXNativeTarget section */

/* Begin PBXProject section */
		7A259F551CAFFFC700A4BE5D /* Project object */ = {
			isa = PBXProject;
			attributes = {
				LastSwiftUpdateCheck = 0730;
				LastUpgradeCheck = 0730;
				ORGANIZATIONNAME = "Red Raven Computing Studios";
				TargetAttributes = {
					7A259F5C1CAFFFC700A4BE5D = {
						CreatedOnToolsVersion = 7.3;
					};
				};
			};
			buildConfigurationList = 7A259F581CAFFFC700A4BE5D /* Build configuration list for PBXProject "yofavmovies" */;
			compatibilityVersion = "Xcode 3.2";
			developmentRegion = English;
			hasScannedForEncodings = 0;
			knownRegions = (
				en,
				Base,
			);
			mainGroup = 7A259F541CAFFFC700A4BE5D;
			productRefGroup = 7A259F5E1CAFFFC700A4BE5D /* Products */;
			projectDirPath = "";
			projectRoot = "";
			targets = (
				7A259F5C1CAFFFC700A4BE5D /* yofavmovies */,
			);
		};
/* End PBXProject section */

/* Begin PBXResourcesBuildPhase section */
		7A259F5B1CAFFFC700A4BE5D /* Resources */ = {
			isa = PBXResourcesBuildPhase;
			buildActionMask = 2147483647;
			files = (
				7A259F6E1CAFFFC700A4BE5D /* LaunchScreen.storyboard in Resources */,
				7A259F6B1CAFFFC700A4BE5D /* Assets.xcassets in Resources */,
				7A259F661CAFFFC700A4BE5D /* Main.storyboard in Resources */,
			);
			runOnlyForDeploymentPostprocessing = 0;
		};
/* End PBXResourcesBuildPhase section */

/* Begin PBXSourcesBuildPhase section */
		7A259F591CAFFFC700A4BE5D /* Sources */ = {
			isa = PBXSourcesBuildPhase;
			buildActionMask = 2147483647;
			files = (
				7A259F7A1CB006D300A4BE5D /* Movie+CoreDataProperties.swift in Sources */,
				7A259F851CB01AE000A4BE5D /* MovieImageView.swift in Sources */,
				7A259F631CAFFFC700A4BE5D /* ViewController.swift in Sources */,
				7A259F7D1CB006FF00A4BE5D /* MovieCell.swift in Sources */,
				7A259F691CAFFFC700A4BE5D /* yofavmovies.xcdatamodeld in Sources */,
				7A259F611CAFFFC700A4BE5D /* AppDelegate.swift in Sources */,
				7A259F811CB0073C00A4BE5D /* DetailVC.swift in Sources */,
				7A259F7F1CB0072B00A4BE5D /* AddVC.swift in Sources */,
				7A259F831CB014E100A4BE5D /* Button.swift in Sources */,
				7A259F7B1CB006D300A4BE5D /* Movie.swift in Sources */,
			);
			runOnlyForDeploymentPostprocessing = 0;
		};
/* End PBXSourcesBuildPhase section */

/* Begin PBXVariantGroup section */
		7A259F641CAFFFC700A4BE5D /* Main.storyboard */ = {
			isa = PBXVariantGroup;
			children = (
				7A259F651CAFFFC700A4BE5D /* Base */,
			);
			name = Main.storyboard;
			sourceTree = "<group>";
		};
		7A259F6C1CAFFFC700A4BE5D /* LaunchScreen.storyboard */ = {
			isa = PBXVariantGroup;
			children = (
				7A259F6D1CAFFFC700A4BE5D /* Base */,
			);
			name = LaunchScreen.storyboard;
			sourceTree = "<group>";
		};
/* End PBXVariantGroup section */

/* Begin XCBuildConfiguration section */
		7A259F701CAFFFC700A4BE5D /* Debug */ = {
			isa = XCBuildConfiguration;
			buildSettings = {
				ALWAYS_SEARCH_USER_PATHS = NO;
				CLANG_ANALYZER_NONNULL = YES;
				CLANG_CXX_LANGUAGE_STANDARD = "gnu++0x";
				CLANG_CXX_LIBRARY = "libc++";
				CLANG_ENABLE_MODULES = YES;
				CLANG_ENABLE_OBJC_ARC = YES;
				CLANG_WARN_BOOL_CONVERSION = YES;
				CLANG_WARN_CONSTANT_CONVERSION = YES;
				CLANG_WARN_DIRECT_OBJC_ISA_USAGE = YES_ERROR;
				CLANG_WARN_EMPTY_BODY = YES;
				CLANG_WARN_ENUM_CONVERSION = YES;
				CLANG_WARN_INT_CONVERSION = YES;
				CLANG_WARN_OBJC_ROOT_CLASS = YES_ERROR;
				CLANG_WARN_UNREACHABLE_CODE = YES;
				CLANG_WARN__DUPLICATE_METHOD_MATCH = YES;
				"CODE_SIGN_IDENTITY[sdk=iphoneos*]" = "iPhone Developer";
				COPY_PHASE_STRIP = NO;
				DEBUG_INFORMATION_FORMAT = dwarf;
				ENABLE_STRICT_OBJC_MSGSEND = YES;
				ENABLE_TESTABILITY = YES;
				GCC_C_LANGUAGE_STANDARD = gnu99;
				GCC_DYNAMIC_NO_PIC = NO;
				GCC_NO_COMMON_BLOCKS = YES;
				GCC_OPTIMIZATION_LEVEL = 0;
				GCC_PREPROCESSOR_DEFINITIONS = (
					"DEBUG=1",
					"$(inherited)",
				);
				GCC_WARN_64_TO_32_BIT_CONVERSION = YES;
				GCC_WARN_ABOUT_RETURN_TYPE = YES_ERROR;
				GCC_WARN_UNDECLARED_SELECTOR = YES;
				GCC_WARN_UNINITIALIZED_AUTOS = YES_AGGRESSIVE;
				GCC_WARN_UNUSED_FUNCTION = YES;
				GCC_WARN_UNUSED_VARIABLE = YES;
				IPHONEOS_DEPLOYMENT_TARGET = 9.3;
				MTL_ENABLE_DEBUG_INFO = YES;
				ONLY_ACTIVE_ARCH = YES;
				SDKROOT = iphoneos;
				SWIFT_OPTIMIZATION_LEVEL = "-Onone";
				TARGETED_DEVICE_FAMILY = "1,2";
			};
			name = Debug;
		};
		7A259F711CAFFFC700A4BE5D /* Release */ = {
			isa = XCBuildConfiguration;
			buildSettings = {
				ALWAYS_SEARCH_USER_PATHS = NO;
				CLANG_ANALYZER_NONNULL = YES;
				CLANG_CXX_LANGUAGE_STANDARD = "gnu++0x";
				CLANG_CXX_LIBRARY = "libc++";
				CLANG_ENABLE_MODULES = YES;
				CLANG_ENABLE_OBJC_ARC = YES;
				CLANG_WARN_BOOL_CONVERSION = YES;
				CLANG_WARN_CONSTANT_CONVERSION = YES;
				CLANG_WARN_DIRECT_OBJC_ISA_USAGE = YES_ERROR;
				CLANG_WARN_EMPTY_BODY = YES;
				CLANG_WARN_ENUM_CONVERSION = YES;
				CLANG_WARN_INT_CONVERSION = YES;
				CLANG_WARN_OBJC_ROOT_CLASS = YES_ERROR;
				CLANG_WARN_UNREACHABLE_CODE = YES;
				CLANG_WARN__DUPLICATE_METHOD_MATCH = YES;
				"CODE_SIGN_IDENTITY[sdk=iphoneos*]" = "iPhone Developer";
				COPY_PHASE_STRIP = NO;
				DEBUG_INFORMATION_FORMAT = "dwarf-with-dsym";
				ENABLE_NS_ASSERTIONS = NO;
				ENABLE_STRICT_OBJC_MSGSEND = YES;
				GCC_C_LANGUAGE_STANDARD = gnu99;
				GCC_NO_COMMON_BLOCKS = YES;
				GCC_WARN_64_TO_32_BIT_CONVERSION = YES;
				GCC_WARN_ABOUT_RETURN_TYPE = YES_ERROR;
				GCC_WARN_UNDECLARED_SELECTOR = YES;
				GCC_WARN_UNINITIALIZED_AUTOS = YES_AGGRESSIVE;
				GCC_WARN_UNUSED_FUNCTION = YES;
				GCC_WARN_UNUSED_VARIABLE = YES;
				IPHONEOS_DEPLOYMENT_TARGET = 9.3;
				MTL_ENABLE_DEBUG_INFO = NO;
				SDKROOT = iphoneos;
				TARGETED_DEVICE_FAMILY = "1,2";
				VALIDATE_PRODUCT = YES;
			};
			name = Release;
		};
		7A259F731CAFFFC700A4BE5D /* Debug */ = {
			isa = XCBuildConfiguration;
			buildSettings = {
				ASSETCATALOG_COMPILER_APPICON_NAME = AppIcon;
				INFOPLIST_FILE = yofavmovies/Info.plist;
				LD_RUNPATH_SEARCH_PATHS = "$(inherited) @executable_path/Frameworks";
				PRODUCT_BUNDLE_IDENTIFIER = com.redravencomputing.yofavmovies;
				PRODUCT_NAME = "$(TARGET_NAME)";
			};
			name = Debug;
		};
		7A259F741CAFFFC700A4BE5D /* Release */ = {
			isa = XCBuildConfiguration;
			buildSettings = {
				ASSETCATALOG_COMPILER_APPICON_NAME = AppIcon;
				INFOPLIST_FILE = yofavmovies/Info.plist;
				LD_RUNPATH_SEARCH_PATHS = "$(inherited) @executable_path/Frameworks";
				PRODUCT_BUNDLE_IDENTIFIER = com.redravencomputing.yofavmovies;
				PRODUCT_NAME = "$(TARGET_NAME)";
			};
			name = Release;
		};
/* End XCBuildConfiguration section */

/* Begin XCConfigurationList section */
		7A259F581CAFFFC700A4BE5D /* Build configuration list for PBXProject "yofavmovies" */ = {
			isa = XCConfigurationList;
			buildConfigurations = (
				7A259F701CAFFFC700A4BE5D /* Debug */,
				7A259F711CAFFFC700A4BE5D /* Release */,
			);
			defaultConfigurationIsVisible = 0;
			defaultConfigurationName = Release;
		};
		7A259F721CAFFFC700A4BE5D /* Build configuration list for PBXNativeTarget "yofavmovies" */ = {
			isa = XCConfigurationList;
			buildConfigurations = (
				7A259F731CAFFFC700A4BE5D /* Debug */,
				7A259F741CAFFFC700A4BE5D /* Release */,
			);
			defaultConfigurationIsVisible = 0;
		};
/* End XCConfigurationList section */

/* Begin XCVersionGroup section */
		7A259F671CAFFFC700A4BE5D /* yofavmovies.xcdatamodeld */ = {
			isa = XCVersionGroup;
			children = (
				7A259F681CAFFFC700A4BE5D /* yofavmovies.xcdatamodel */,
			);
			currentVersion = 7A259F681CAFFFC700A4BE5D /* yofavmovies.xcdatamodel */;
			path = yofavmovies.xcdatamodeld;
			sourceTree = "<group>";
			versionGroupType = wrapper.xcdatamodel;
		};
/* End XCVersionGroup section */
	};
	rootObject = 7A259F551CAFFFC700A4BE5D /* Project object */;
}
